
Microsoft Visual Studio Solution File, Format Version 9.00
# Visual Studio 2005
Project("{E24C65DC-7377-472B-9ABA-BC803B73C61A}") = "C:\...\NewHelpDesk\", "..\..\..\..\..\..\Inetpub\wwwroot\NewHelpDesk\", "{D1BD2B11-66C5-4B9A-AFA2-4604697F6D90}"
	ProjectSection(WebsiteProperties) = preProject
		Debug.AspNetCompiler.VirtualPath = "/NewHelpDesk"
		Debug.AspNetCompiler.PhysicalPath = "..\..\..\..\..\..\Inetpub\wwwroot\NewHelpDesk\"
		Debug.AspNetCompiler.TargetPath = "PrecompiledWeb\NewHelpDesk\"
		Debug.AspNetCompiler.Updateable = "true"
		Debug.AspNetCompiler.ForceOverwrite = "true"
		Debug.AspNetCompiler.FixedNames = "false"
		Debug.AspNetCompiler.Debug = "True"
		Release.AspNetCompiler.VirtualPath = "/NewHelpDesk"
		Release.AspNetCompiler.PhysicalPath = "..\..\..\..\..\..\Inetpub\wwwroot\NewHelpDesk\"
		Release.AspNetCompiler.TargetPath = "PrecompiledWeb\NewHelpDesk\"
		Release.AspNetCompiler.Updateable = "true"
		Release.AspNetCompiler.ForceOverwrite = "true"
		Release.AspNetCompiler.FixedNames = "false"
		Release.AspNetCompiler.Debug = "False"
		VWDPort = "1292"
	EndProjectSection
EndProject
Global
	GlobalSection(SolutionConfigurationPlatforms) = preSolution
		Debug|.NET = Debug|.NET
	EndGlobalSection
	GlobalSection(ProjectConfigurationPlatforms) = postSolution
		{D1BD2B11-66C5-4B9A-AFA2-4604697F6D90}.Debug|.NET.ActiveCfg = Debug|.NET
		{D1BD2B11-66C5-4B9A-AFA2-4604697F6D90}.Debug|.NET.Build.0 = Debug|.NET
	EndGlobalSection
	GlobalSection(SolutionProperties) = preSolution
		HideSolutionNode = FALSE
	EndGlobalSection
EndGlobal
