Microsoft Visual Studio Solution File, Format Version 9.00
# Visual Studio 2005
Project("{E24C65DC-7377-472B-9ABA-BC803B73C61A}") = "http://localhost/E_HELP_DESK1/", "http://localhost/E_HELP_DESK1", "{B33B4C54-F122-4BD1-AD68-69F988C04BA5}"
	ProjectSection(WebsiteProperties) = preProject
		Debug.AspNetCompiler.VirtualPath = "/E_HELP_DESK1"
		Debug.AspNetCompiler.PhysicalPath = "..\E_HELP_DESK1\"
		Debug.AspNetCompiler.TargetPath = "PrecompiledWeb\E_HELP_DESK1\"
		Debug.AspNetCompiler.Updateable = "true"
		Debug.AspNetCompiler.ForceOverwrite = "true"
		Debug.AspNetCompiler.FixedNames = "false"
		Debug.AspNetCompiler.Debug = "True"
		Release.AspNetCompiler.VirtualPath = "/E_HELP_DESK1"
		Release.AspNetCompiler.PhysicalPath = "..\E_HELP_DESK1\"
		Release.AspNetCompiler.TargetPath = "PrecompiledWeb\E_HELP_DESK1\"
		Release.AspNetCompiler.Updateable = "true"
		Release.AspNetCompiler.ForceOverwrite = "true"
		Release.AspNetCompiler.FixedNames = "false"
		Release.AspNetCompiler.Debug = "False"
		SlnRelativePath = "..\E_HELP_DESK1\"
	EndProjectSection
EndProject
Global
	GlobalSection(SolutionConfigurationPlatforms) = preSolution
		Debug|.NET = Debug|.NET
		Release|.NET = Release|.NET
	EndGlobalSection
	GlobalSection(ProjectConfigurationPlatforms) = postSolution
		{B33B4C54-F122-4BD1-AD68-69F988C04BA5}.Debug|.NET.ActiveCfg = Debug|.NET
		{B33B4C54-F122-4BD1-AD68-69F988C04BA5}.Debug|.NET.Build.0 = Debug|.NET
		{B33B4C54-F122-4BD1-AD68-69F988C04BA5}.Release|.NET.ActiveCfg = Release|.NET
		{B33B4C54-F122-4BD1-AD68-69F988C04BA5}.Release|.NET.Build.0 = Release|.NET
	EndGlobalSection
	GlobalSection(SolutionProperties) = preSolution
		HideSolutionNode = FALSE
	EndGlobalSection
EndGlobal
