
Microsoft Visual Studio Solution File, Format Version 9.00
# Visual Studio 2005
Project("{FAE04EC0-301F-11D3-BF4B-00C04F79EFBC}") = "testdb", "testdb\testdb.csproj", "{60C54D42-78F3-4491-9A4C-BC46927D8131}"
EndProject
Global
	GlobalSection(SolutionConfigurationPlatforms) = preSolution
		Debug|Any CPU = Debug|Any CPU
		Release|Any CPU = Release|Any CPU
	EndGlobalSection
	GlobalSection(ProjectConfigurationPlatforms) = postSolution
		{60C54D42-78F3-4491-9A4C-BC46927D8131}.Debug|Any CPU.ActiveCfg = Debug|Any CPU
		{60C54D42-78F3-4491-9A4C-BC46927D8131}.Debug|Any CPU.Build.0 = Debug|Any CPU
		{60C54D42-78F3-4491-9A4C-BC46927D8131}.Release|Any CPU.ActiveCfg = Release|Any CPU
		{60C54D42-78F3-4491-9A4C-BC46927D8131}.Release|Any CPU.Build.0 = Release|Any CPU
	EndGlobalSection
	GlobalSection(SolutionProperties) = preSolution
		HideSolutionNode = FALSE
	EndGlobalSection
EndGlobal
